
Microsoft Visual Studio Solution File, Format Version 12.00
Project("{FAE04EC0-301F-11D3-BF4B-00C04F79EFBC}") = "Cadoscopia.Core", "Cadoscopia.Core\Cadoscopia.Core.csproj", "{23CC68D2-C322-4ED3-AF79-9A25079132F8}"
EndProject
Global
	GlobalSection(SolutionConfigurationPlatforms) = preSolution
		Debug|Any CPU = Debug|Any CPU
		Release|Any CPU = Release|Any CPU
	EndGlobalSection
	GlobalSection(ProjectConfigurationPlatforms) = postSolution
		{23CC68D2-C322-4ED3-AF79-9A25079132F8}.Debug|Any CPU.ActiveCfg = Debug|Any CPU
		{23CC68D2-C322-4ED3-AF79-9A25079132F8}.Debug|Any CPU.Build.0 = Debug|Any CPU
		{23CC68D2-C322-4ED3-AF79-9A25079132F8}.Release|Any CPU.ActiveCfg = Release|Any CPU
		{23CC68D2-C322-4ED3-AF79-9A25079132F8}.Release|Any CPU.Build.0 = Release|Any CPU
	EndGlobalSection
EndGlobal
